
Microsoft Visual Studio Solution File, Format Version 12.00
# Visual Studio 15
VisualStudioVersion = 15.0.28307.645
MinimumVisualStudioVersion = 10.0.40219.1
Project("{9A19103F-16F7-4668-BE54-9A1E7A4F7556}") = "FractalCompress", "FractalCompress\FractalCompress.csproj", "{AB01DBD6-8837-444B-8C1F-69376D8EB041}"
EndProject
Global
	GlobalSection(SolutionConfigurationPlatforms) = preSolution
		Debug|Any CPU = Debug|Any CPU
		Release|Any CPU = Release|Any CPU
	EndGlobalSection
	GlobalSection(ProjectConfigurationPlatforms) = postSolution
		{AB01DBD6-8837-444B-8C1F-69376D8EB041}.Debug|Any CPU.ActiveCfg = Debug|Any CPU
		{AB01DBD6-8837-444B-8C1F-69376D8EB041}.Debug|Any CPU.Build.0 = Debug|Any CPU
		{AB01DBD6-8837-444B-8C1F-69376D8EB041}.Release|Any CPU.ActiveCfg = Release|Any CPU
		{AB01DBD6-8837-444B-8C1F-69376D8EB041}.Release|Any CPU.Build.0 = Release|Any CPU
	EndGlobalSection
	GlobalSection(SolutionProperties) = preSolution
		HideSolutionNode = FALSE
	EndGlobalSection
	GlobalSection(ExtensibilityGlobals) = postSolution
		SolutionGuid = {39137CCA-A87A-4BF3-B2B5-BFDBCDBD63B7}
	EndGlobalSection
EndGlobal
